// !$*UTF8*$!
{
	archiveVersion = 1;
	classes = {
	};
	objectVersion = 46;
	objects = {

/* Begin PBXBuildFile section */
		276B87BC1C88990600F0B1FD /* AppDelegate.swift in Sources */ = {isa = PBXBuildFile; fileRef = 276B87BB1C88990600F0B1FD /* AppDelegate.swift */; };
		276B87BE1C88990600F0B1FD /* ViewController.swift in Sources */ = {isa = PBXBuildFile; fileRef = 276B87BD1C88990600F0B1FD /* ViewController.swift */; };
		276B87C11C88990600F0B1FD /* Main.storyboard in Resources */ = {isa = PBXBuildFile; fileRef = 276B87BF1C88990600F0B1FD /* Main.storyboard */; };
		276B87C31C88990600F0B1FD /* Assets.xcassets in Resources */ = {isa = PBXBuildFile; fileRef = 276B87C21C88990600F0B1FD /* Assets.xcassets */; };
		276B87C61C88990600F0B1FD /* LaunchScreen.storyboard in Resources */ = {isa = PBXBuildFile; fileRef = 276B87C41C88990600F0B1FD /* LaunchScreen.storyboard */; };
		276B87CE1C8899E300F0B1FD /* Character.swift in Sources */ = {isa = PBXBuildFile; fileRef = 276B87CD1C8899E300F0B1FD /* Character.swift */; };
		276B87D01C889AEC00F0B1FD /* Player.swift in Sources */ = {isa = PBXBuildFile; fileRef = 276B87CF1C889AEC00F0B1FD /* Player.swift */; };
		276B87D21C889C4000F0B1FD /* Enemy.swift in Sources */ = {isa = PBXBuildFile; fileRef = 276B87D11C889C4000F0B1FD /* Enemy.swift */; };
		276B87D41C889D8B00F0B1FD /* Kimara.swift in Sources */ = {isa = PBXBuildFile; fileRef = 276B87D31C889D8B00F0B1FD /* Kimara.swift */; };
		276B87D61C889F1000F0B1FD /* DevilWizard.swift in Sources */ = {isa = PBXBuildFile; fileRef = 276B87D51C889F1000F0B1FD /* DevilWizard.swift */; };
/* End PBXBuildFile section */

/* Begin PBXFileReference section */
		276B87B81C88990600F0B1FD /* rpg-oop.app */ = {isa = PBXFileReference; explicitFileType = wrapper.application; includeInIndex = 0; path = "rpg-oop.app"; sourceTree = BUILT_PRODUCTS_DIR; };
		276B87BB1C88990600F0B1FD /* AppDelegate.swift */ = {isa = PBXFileReference; lastKnownFileType = sourcecode.swift; path = AppDelegate.swift; sourceTree = "<group>"; };
		276B87BD1C88990600F0B1FD /* ViewController.swift */ = {isa = PBXFileReference; lastKnownFileType = sourcecode.swift; path = ViewController.swift; sourceTree = "<group>"; };
		276B87C01C88990600F0B1FD /* Base */ = {isa = PBXFileReference; lastKnownFileType = file.storyboard; name = Base; path = Base.lproj/Main.storyboard; sourceTree = "<group>"; };
		276B87C21C88990600F0B1FD /* Assets.xcassets */ = {isa = PBXFileReference; lastKnownFileType = folder.assetcatalog; path = Assets.xcassets; sourceTree = "<group>"; };
		276B87C51C88990600F0B1FD /* Base */ = {isa = PBXFileReference; lastKnownFileType = file.storyboard; name = Base; path = Base.lproj/LaunchScreen.storyboard; sourceTree = "<group>"; };
		276B87C71C88990600F0B1FD /* Info.plist */ = {isa = PBXFileReference; lastKnownFileType = text.plist.xml; path = Info.plist; sourceTree = "<group>"; };
		276B87CD1C8899E300F0B1FD /* Character.swift */ = {isa = PBXFileReference; fileEncoding = 4; lastKnownFileType = sourcecode.swift; path = Character.swift; sourceTree = "<group>"; };
		276B87CF1C889AEC00F0B1FD /* Player.swift */ = {isa = PBXFileReference; fileEncoding = 4; lastKnownFileType = sourcecode.swift; path = Player.swift; sourceTree = "<group>"; };
		276B87D11C889C4000F0B1FD /* Enemy.swift */ = {isa = PBXFileReference; fileEncoding = 4; lastKnownFileType = sourcecode.swift; path = Enemy.swift; sourceTree = "<group>"; };
		276B87D31C889D8B00F0B1FD /* Kimara.swift */ = {isa = PBXFileReference; fileEncoding = 4; lastKnownFileType = sourcecode.swift; path = Kimara.swift; sourceTree = "<group>"; };
		276B87D51C889F1000F0B1FD /* DevilWizard.swift */ = {isa = PBXFileReference; fileEncoding = 4; lastKnownFileType = sourcecode.swift; path = DevilWizard.swift; sourceTree = "<group>"; };
/* End PBXFileReference section */

/* Begin PBXFrameworksBuildPhase section */
		276B87B51C88990600F0B1FD /* Frameworks */ = {
			isa = PBXFrameworksBuildPhase;
			buildActionMask = 2147483647;
			files = (
			);
			runOnlyForDeploymentPostprocessing = 0;
		};
/* End PBXFrameworksBuildPhase section */

/* Begin PBXGroup section */
		276B87AF1C88990600F0B1FD = {
			isa = PBXGroup;
			children = (
				276B87BA1C88990600F0B1FD /* rpg-oop */,
				276B87B91C88990600F0B1FD /* Products */,
			);
			sourceTree = "<group>";
		};
		276B87B91C88990600F0B1FD /* Products */ = {
			isa = PBXGroup;
			children = (
				276B87B81C88990600F0B1FD /* rpg-oop.app */,
			);
			name = Products;
			sourceTree = "<group>";
		};
		276B87BA1C88990600F0B1FD /* rpg-oop */ = {
			isa = PBXGroup;
			children = (
				276B87BB1C88990600F0B1FD /* AppDelegate.swift */,
				276B87BD1C88990600F0B1FD /* ViewController.swift */,
				276B87BF1C88990600F0B1FD /* Main.storyboard */,
				276B87C21C88990600F0B1FD /* Assets.xcassets */,
				276B87C41C88990600F0B1FD /* LaunchScreen.storyboard */,
				276B87C71C88990600F0B1FD /* Info.plist */,
				276B87CD1C8899E300F0B1FD /* Character.swift */,
				276B87CF1C889AEC00F0B1FD /* Player.swift */,
				276B87D11C889C4000F0B1FD /* Enemy.swift */,
				276B87D31C889D8B00F0B1FD /* Kimara.swift */,
				276B87D51C889F1000F0B1FD /* DevilWizard.swift */,
			);
			path = "rpg-oop";
			sourceTree = "<group>";
		};
/* End PBXGroup section */

/* Begin PBXNativeTarget section */
		276B87B71C88990600F0B1FD /* rpg-oop */ = {
			isa = PBXNativeTarget;
			buildConfigurationList = 276B87CA1C88990600F0B1FD /* Build configuration list for PBXNativeTarget "rpg-oop" */;
			buildPhases = (
				276B87B41C88990600F0B1FD /* Sources */,
				276B87B51C88990600F0B1FD /* Frameworks */,
				276B87B61C88990600F0B1FD /* Resources */,
			);
			buildRules = (
			);
			dependencies = (
			);
			name = "rpg-oop";
			productName = "rpg-oop";
			productReference = 276B87B81C88990600F0B1FD /* rpg-oop.app */;
			productType = "com.apple.product-type.application";
		};
/* End PBXNativeTarget section */

/* Begin PBXProject section */
		276B87B01C88990600F0B1FD /* Project object */ = {
			isa = PBXProject;
			attributes = {
				LastSwiftUpdateCheck = 0720;
				LastUpgradeCheck = 0720;
				ORGANIZATIONNAME = Otto;
				TargetAttributes = {
					276B87B71C88990600F0B1FD = {
						CreatedOnToolsVersion = 7.2.1;
						DevelopmentTeam = UF4JKDCULU;
					};
				};
			};
			buildConfigurationList = 276B87B31C88990600F0B1FD /* Build configuration list for PBXProject "rpg-oop" */;
			compatibilityVersion = "Xcode 3.2";
			developmentRegion = English;
			hasScannedForEncodings = 0;
			knownRegions = (
				en,
				Base,
			);
			mainGroup = 276B87AF1C88990600F0B1FD;
			productRefGroup = 276B87B91C88990600F0B1FD /* Products */;
			projectDirPath = "";
			projectRoot = "";
			targets = (
				276B87B71C88990600F0B1FD /* rpg-oop */,
			);
		};
/* End PBXProject section */

/* Begin PBXResourcesBuildPhase section */
		276B87B61C88990600F0B1FD /* Resources */ = {
			isa = PBXResourcesBuildPhase;
			buildActionMask = 2147483647;
			files = (
				276B87C61C88990600F0B1FD /* LaunchScreen.storyboard in Resources */,
				276B87C31C88990600F0B1FD /* Assets.xcassets in Resources */,
				276B87C11C88990600F0B1FD /* Main.storyboard in Resources */,
			);
			runOnlyForDeploymentPostprocessing = 0;
		};
/* End PBXResourcesBuildPhase section */

/* Begin PBXSourcesBuildPhase section */
		276B87B41C88990600F0B1FD /* Sources */ = {
			isa = PBXSourcesBuildPhase;
			buildActionMask = 2147483647;
			files = (
				276B87D01C889AEC00F0B1FD /* Player.swift in Sources */,
				276B87D21C889C4000F0B1FD /* Enemy.swift in Sources */,
				276B87D61C889F1000F0B1FD /* DevilWizard.swift in Sources */,
				276B87D41C889D8B00F0B1FD /* Kimara.swift in Sources */,
				276B87CE1C8899E300F0B1FD /* Character.swift in Sources */,
				276B87BE1C88990600F0B1FD /* ViewController.swift in Sources */,
				276B87BC1C88990600F0B1FD /* AppDelegate.swift in Sources */,
			);
			runOnlyForDeploymentPostprocessing = 0;
		};
/* End PBXSourcesBuildPhase section */

/* Begin PBXVariantGroup section */
		276B87BF1C88990600F0B1FD /* Main.storyboard */ = {
			isa = PBXVariantGroup;
			children = (
				276B87C01C88990600F0B1FD /* Base */,
			);
			name = Main.storyboard;
			sourceTree = "<group>";
		};
		276B87C41C88990600F0B1FD /* LaunchScreen.storyboard */ = {
			isa = PBXVariantGroup;
			children = (
				276B87C51C88990600F0B1FD /* Base */,
			);
			name = LaunchScreen.storyboard;
			sourceTree = "<group>";
		};
/* End PBXVariantGroup section */

/* Begin XCBuildConfiguration section */
		276B87C81C88990600F0B1FD /* Debug */ = {
			isa = XCBuildConfiguration;
			buildSettings = {
				ALWAYS_SEARCH_USER_PATHS = NO;
				CLANG_CXX_LANGUAGE_STANDARD = "gnu++0x";
				CLANG_CXX_LIBRARY = "libc++";
				CLANG_ENABLE_MODULES = YES;
				CLANG_ENABLE_OBJC_ARC = YES;
				CLANG_WARN_BOOL_CONVERSION = YES;
				CLANG_WARN_CONSTANT_CONVERSION = YES;
				CLANG_WARN_DIRECT_OBJC_ISA_USAGE = YES_ERROR;
				CLANG_WARN_EMPTY_BODY = YES;
				CLANG_WARN_ENUM_CONVERSION = YES;
				CLANG_WARN_INT_CONVERSION = YES;
				CLANG_WARN_OBJC_ROOT_CLASS = YES_ERROR;
				CLANG_WARN_UNREACHABLE_CODE = YES;
				CLANG_WARN__DUPLICATE_METHOD_MATCH = YES;
				"CODE_SIGN_IDENTITY[sdk=iphoneos*]" = "iPhone Developer";
				COPY_PHASE_STRIP = NO;
				DEBUG_INFORMATION_FORMAT = dwarf;
				ENABLE_STRICT_OBJC_MSGSEND = YES;
				ENABLE_TESTABILITY = YES;
				GCC_C_LANGUAGE_STANDARD = gnu99;
				GCC_DYNAMIC_NO_PIC = NO;
				GCC_NO_COMMON_BLOCKS = YES;
				GCC_OPTIMIZATION_LEVEL = 0;
				GCC_PREPROCESSOR_DEFINITIONS = (
					"DEBUG=1",
					"$(inherited)",
				);
				GCC_WARN_64_TO_32_BIT_CONVERSION = YES;
				GCC_WARN_ABOUT_RETURN_TYPE = YES_ERROR;
				GCC_WARN_UNDECLARED_SELECTOR = YES;
				GCC_WARN_UNINITIALIZED_AUTOS = YES_AGGRESSIVE;
				GCC_WARN_UNUSED_FUNCTION = YES;
				GCC_WARN_UNUSED_VARIABLE = YES;
				IPHONEOS_DEPLOYMENT_TARGET = 9.2;
				MTL_ENABLE_DEBUG_INFO = YES;
				ONLY_ACTIVE_ARCH = YES;
				SDKROOT = iphoneos;
				SWIFT_OPTIMIZATION_LEVEL = "-Onone";
			};
			name = Debug;
		};
		276B87C91C88990600F0B1FD /* Release */ = {
			isa = XCBuildConfiguration;
			buildSettings = {
				ALWAYS_SEARCH_USER_PATHS = NO;
				CLANG_CXX_LANGUAGE_STANDARD = "gnu++0x";
				CLANG_CXX_LIBRARY = "libc++";
				CLANG_ENABLE_MODULES = YES;
				CLANG_ENABLE_OBJC_ARC = YES;
				CLANG_WARN_BOOL_CONVERSION = YES;
				CLANG_WARN_CONSTANT_CONVERSION = YES;
				CLANG_WARN_DIRECT_OBJC_ISA_USAGE = YES_ERROR;
				CLANG_WARN_EMPTY_BODY = YES;
				CLANG_WARN_ENUM_CONVERSION = YES;
				CLANG_WARN_INT_CONVERSION = YES;
				CLANG_WARN_OBJC_ROOT_CLASS = YES_ERROR;
				CLANG_WARN_UNREACHABLE_CODE = YES;
				CLANG_WARN__DUPLICATE_METHOD_MATCH = YES;
				"CODE_SIGN_IDENTITY[sdk=iphoneos*]" = "iPhone Developer";
				COPY_PHASE_STRIP = NO;
				DEBUG_INFORMATION_FORMAT = "dwarf-with-dsym";
				ENABLE_NS_ASSERTIONS = NO;
				ENABLE_STRICT_OBJC_MSGSEND = YES;
				GCC_C_LANGUAGE_STANDARD = gnu99;
				GCC_NO_COMMON_BLOCKS = YES;
				GCC_WARN_64_TO_32_BIT_CONVERSION = YES;
				GCC_WARN_ABOUT_RETURN_TYPE = YES_ERROR;
				GCC_WARN_UNDECLARED_SELECTOR = YES;
				GCC_WARN_UNINITIALIZED_AUTOS = YES_AGGRESSIVE;
				GCC_WARN_UNUSED_FUNCTION = YES;
				GCC_WARN_UNUSED_VARIABLE = YES;
				IPHONEOS_DEPLOYMENT_TARGET = 9.2;
				MTL_ENABLE_DEBUG_INFO = NO;
				SDKROOT = iphoneos;
				VALIDATE_PRODUCT = YES;
			};
			name = Release;
		};
		276B87CB1C88990600F0B1FD /* Debug */ = {
			isa = XCBuildConfiguration;
			buildSettings = {
				ASSETCATALOG_COMPILER_APPICON_NAME = AppIcon;
				INFOPLIST_FILE = "rpg-oop/Info.plist";
				LD_RUNPATH_SEARCH_PATHS = "$(inherited) @executable_path/Frameworks";
				PRODUCT_BUNDLE_IDENTIFIER = "com.coder.otto.rpg-oop";
				PRODUCT_NAME = "$(TARGET_NAME)";
			};
			name = Debug;
		};
		276B87CC1C88990600F0B1FD /* Release */ = {
			isa = XCBuildConfiguration;
			buildSettings = {
				ASSETCATALOG_COMPILER_APPICON_NAME = AppIcon;
				INFOPLIST_FILE = "rpg-oop/Info.plist";
				LD_RUNPATH_SEARCH_PATHS = "$(inherited) @executable_path/Frameworks";
				PRODUCT_BUNDLE_IDENTIFIER = "com.coder.otto.rpg-oop";
				PRODUCT_NAME = "$(TARGET_NAME)";
			};
			name = Release;
		};
/* End XCBuildConfiguration section */

/* Begin XCConfigurationList section */
		276B87B31C88990600F0B1FD /* Build configuration list for PBXProject "rpg-oop" */ = {
			isa = XCConfigurationList;
			buildConfigurations = (
				276B87C81C88990600F0B1FD /* Debug */,
				276B87C91C88990600F0B1FD /* Release */,
			);
			defaultConfigurationIsVisible = 0;
			defaultConfigurationName = Release;
		};
		276B87CA1C88990600F0B1FD /* Build configuration list for PBXNativeTarget "rpg-oop" */ = {
			isa = XCConfigurationList;
			buildConfigurations = (
				276B87CB1C88990600F0B1FD /* Debug */,
				276B87CC1C88990600F0B1FD /* Release */,
			);
			defaultConfigurationIsVisible = 0;
		};
/* End XCConfigurationList section */
	};
	rootObject = 276B87B01C88990600F0B1FD /* Project object */;
}
